PODS:
  - BananaLib (1.0):
    - 'monkey (< 1.0.9, ~> 1.0.1)'
  - JSONKit (1.4)
  - monkey (1.0.8)

DEPENDENCIES:
  - BananaLib (~> 1.0)
  - 'JSONKit (from `path/JSONKit.podspec`)'

EXTERNAL SOURCES:
  JSONKit:
    :podspec: path/JSONKit.podspec

CHECKOUT OPTIONS:
  JSONKit:
    :podspec: path/JSONKit.podspec

SPEC CHECKSUMS:
  BananaLib: d46ca864666e216300a0653de197668b12e732a1
  JSONKit: 92ae5f71b77c8dec0cd8d0744adab79d38560949

PODFILE CHECKSUM: podfile_checksum

COCOAPODS: PLACEHOLDER_CORE_VERSION
